
Microsoft Visual Studio Solution File, Format Version 12.00
# Visual Studio Version 17
VisualStudioVersion = 17.8.34330.188
MinimumVisualStudioVersion = 10.0.40219.1
Project("{FAE04EC0-301F-11D3-BF4B-00C04F79EFBC}") = "vcwithwebapi", "vcwithwebapi\vcwithwebapi.csproj", "{2C4610C0-350F-4C96-9607-CB516E8C0C12}"
EndProject
Global
	GlobalSection(SolutionConfigurationPlatforms) = preSolution
		Debug|Any CPU = Debug|Any CPU
		Release|Any CPU = Release|Any CPU
	EndGlobalSection
	GlobalSection(ProjectConfigurationPlatforms) = postSolution
		{2C4610C0-350F-4C96-9607-CB516E8C0C12}.Debug|Any CPU.ActiveCfg = Debug|Any CPU
		{2C4610C0-350F-4C96-9607-CB516E8C0C12}.Debug|Any CPU.Build.0 = Debug|Any CPU
		{2C4610C0-350F-4C96-9607-CB516E8C0C12}.Release|Any CPU.ActiveCfg = Release|Any CPU
		{2C4610C0-350F-4C96-9607-CB516E8C0C12}.Release|Any CPU.Build.0 = Release|Any CPU
	EndGlobalSection
	GlobalSection(SolutionProperties) = preSolution
		HideSolutionNode = FALSE
	EndGlobalSection
	GlobalSection(ExtensibilityGlobals) = postSolution
		SolutionGuid = {50D81B52-668C-47CE-9E07-F74FEA6F7D6E}
	EndGlobalSection
EndGlobal
